
Microsoft Visual Studio Solution File, Format Version 12.00
# Visual Studio Version 16
VisualStudioVersion = 16.0.29201.188
MinimumVisualStudioVersion = 10.0.40219.1
Project("{8BC9CEB8-8B4A-11D0-8D11-00A0C91BC942}") = "BinaryTreeTraverse", "BinaryTreeTraverse\BinaryTreeTraverse.vcxproj", "{DAFEA556-4DEC-4664-88D4-73F6D900B013}"
EndProject
Global
	GlobalSection(SolutionConfigurationPlatforms) = preSolution
		Debug|x64 = Debug|x64
		Debug|x86 = Debug|x86
		Release|x64 = Release|x64
		Release|x86 = Release|x86
	EndGlobalSection
	GlobalSection(ProjectConfigurationPlatforms) = postSolution
		{DAFEA556-4DEC-4664-88D4-73F6D900B013}.Debug|x64.ActiveCfg = Debug|x64
		{DAFEA556-4DEC-4664-88D4-73F6D900B013}.Debug|x64.Build.0 = Debug|x64
		{DAFEA556-4DEC-4664-88D4-73F6D900B013}.Debug|x86.ActiveCfg = Debug|Win32
		{DAFEA556-4DEC-4664-88D4-73F6D900B013}.Debug|x86.Build.0 = Debug|Win32
		{DAFEA556-4DEC-4664-88D4-73F6D900B013}.Release|x64.ActiveCfg = Release|x64
		{DAFEA556-4DEC-4664-88D4-73F6D900B013}.Release|x64.Build.0 = Release|x64
		{DAFEA556-4DEC-4664-88D4-73F6D900B013}.Release|x86.ActiveCfg = Release|Win32
		{DAFEA556-4DEC-4664-88D4-73F6D900B013}.Release|x86.Build.0 = Release|Win32
	EndGlobalSection
	GlobalSection(SolutionProperties) = preSolution
		HideSolutionNode = FALSE
	EndGlobalSection
	GlobalSection(ExtensibilityGlobals) = postSolution
		SolutionGuid = {E66AE090-0DC8-4168-9E5C-4FA4493FB18E}
	EndGlobalSection
EndGlobal
