
Microsoft Visual Studio Solution File, Format Version 12.00
# Visual Studio Version 16
VisualStudioVersion = 16.0.29201.188
MinimumVisualStudioVersion = 10.0.40219.1
Project("{8BC9CEB8-8B4A-11D0-8D11-00A0C91BC942}") = "Deque", "Deque\Deque.vcxproj", "{6FF089B3-55E8-4D14-AD07-6307489961E4}"
EndProject
Global
	GlobalSection(SolutionConfigurationPlatforms) = preSolution
		Debug|x64 = Debug|x64
		Debug|x86 = Debug|x86
		Release|x64 = Release|x64
		Release|x86 = Release|x86
	EndGlobalSection
	GlobalSection(ProjectConfigurationPlatforms) = postSolution
		{6FF089B3-55E8-4D14-AD07-6307489961E4}.Debug|x64.ActiveCfg = Debug|x64
		{6FF089B3-55E8-4D14-AD07-6307489961E4}.Debug|x64.Build.0 = Debug|x64
		{6FF089B3-55E8-4D14-AD07-6307489961E4}.Debug|x86.ActiveCfg = Debug|Win32
		{6FF089B3-55E8-4D14-AD07-6307489961E4}.Debug|x86.Build.0 = Debug|Win32
		{6FF089B3-55E8-4D14-AD07-6307489961E4}.Release|x64.ActiveCfg = Release|x64
		{6FF089B3-55E8-4D14-AD07-6307489961E4}.Release|x64.Build.0 = Release|x64
		{6FF089B3-55E8-4D14-AD07-6307489961E4}.Release|x86.ActiveCfg = Release|Win32
		{6FF089B3-55E8-4D14-AD07-6307489961E4}.Release|x86.Build.0 = Release|Win32
	EndGlobalSection
	GlobalSection(SolutionProperties) = preSolution
		HideSolutionNode = FALSE
	EndGlobalSection
	GlobalSection(ExtensibilityGlobals) = postSolution
		SolutionGuid = {FE7F531A-2C12-4798-8F5D-7975513A7193}
	EndGlobalSection
EndGlobal
