
Microsoft Visual Studio Solution File, Format Version 12.00
# Visual Studio Version 16
VisualStudioVersion = 16.0.29201.188
MinimumVisualStudioVersion = 10.0.40219.1
Project("{8BC9CEB8-8B4A-11D0-8D11-00A0C91BC942}") = "Point", "Point\Point.vcxproj", "{E917DA1E-6E15-411E-BE55-AA6210E8EFBF}"
EndProject
Global
	GlobalSection(SolutionConfigurationPlatforms) = preSolution
		Debug|x64 = Debug|x64
		Debug|x86 = Debug|x86
		Release|x64 = Release|x64
		Release|x86 = Release|x86
	EndGlobalSection
	GlobalSection(ProjectConfigurationPlatforms) = postSolution
		{E917DA1E-6E15-411E-BE55-AA6210E8EFBF}.Debug|x64.ActiveCfg = Debug|x64
		{E917DA1E-6E15-411E-BE55-AA6210E8EFBF}.Debug|x64.Build.0 = Debug|x64
		{E917DA1E-6E15-411E-BE55-AA6210E8EFBF}.Debug|x86.ActiveCfg = Debug|Win32
		{E917DA1E-6E15-411E-BE55-AA6210E8EFBF}.Debug|x86.Build.0 = Debug|Win32
		{E917DA1E-6E15-411E-BE55-AA6210E8EFBF}.Release|x64.ActiveCfg = Release|x64
		{E917DA1E-6E15-411E-BE55-AA6210E8EFBF}.Release|x64.Build.0 = Release|x64
		{E917DA1E-6E15-411E-BE55-AA6210E8EFBF}.Release|x86.ActiveCfg = Release|Win32
		{E917DA1E-6E15-411E-BE55-AA6210E8EFBF}.Release|x86.Build.0 = Release|Win32
	EndGlobalSection
	GlobalSection(SolutionProperties) = preSolution
		HideSolutionNode = FALSE
	EndGlobalSection
	GlobalSection(ExtensibilityGlobals) = postSolution
		SolutionGuid = {2B4E440F-7044-4892-9EA9-9B9214A1776B}
	EndGlobalSection
EndGlobal
